
Microsoft Visual Studio Solution File, Format Version 12.00
Project("{FAE04EC0-301F-11D3-BF4B-00C04F79EFBC}") = "ThornBot", "ThornBot\ThornBot.csproj", "{788CBF97-B3AE-4639-BE2E-8406343DDC8F}"
EndProject
Project("{FAE04EC0-301F-11D3-BF4B-00C04F79EFBC}") = "Thorn.com", "Thorn.com\Thorn.com.csproj", "{BF32FB93-7ED2-4A7D-BCEF-22AFEB346F3F}"
EndProject
Project("{FAE04EC0-301F-11D3-BF4B-00C04F79EFBC}") = "ThornData", "ThornData\ThornData.csproj", "{F4D7B599-69FC-439D-A9FC-491997943C84}"
EndProject
Project("{FAE04EC0-301F-11D3-BF4B-00C04F79EFBC}") = "ThornPanel", "ThornPanel\ThornPanel.csproj", "{E48FDC88-6998-4685-A651-D45BBEF33F88}"
EndProject
Project("{FAE04EC0-301F-11D3-BF4B-00C04F79EFBC}") = "ThornAPI", "ThornAPI\ThornAPI.csproj", "{FEAA57FA-5469-420C-8707-8790168EECFC}"
EndProject
Global
	GlobalSection(SolutionConfigurationPlatforms) = preSolution
		Debug|Any CPU = Debug|Any CPU
		Release|Any CPU = Release|Any CPU
	EndGlobalSection
	GlobalSection(ProjectConfigurationPlatforms) = postSolution
		{788CBF97-B3AE-4639-BE2E-8406343DDC8F}.Debug|Any CPU.ActiveCfg = Debug|Any CPU
		{788CBF97-B3AE-4639-BE2E-8406343DDC8F}.Debug|Any CPU.Build.0 = Debug|Any CPU
		{788CBF97-B3AE-4639-BE2E-8406343DDC8F}.Release|Any CPU.ActiveCfg = Release|Any CPU
		{788CBF97-B3AE-4639-BE2E-8406343DDC8F}.Release|Any CPU.Build.0 = Release|Any CPU
		{BF32FB93-7ED2-4A7D-BCEF-22AFEB346F3F}.Debug|Any CPU.ActiveCfg = Debug|Any CPU
		{BF32FB93-7ED2-4A7D-BCEF-22AFEB346F3F}.Debug|Any CPU.Build.0 = Debug|Any CPU
		{BF32FB93-7ED2-4A7D-BCEF-22AFEB346F3F}.Release|Any CPU.ActiveCfg = Release|Any CPU
		{BF32FB93-7ED2-4A7D-BCEF-22AFEB346F3F}.Release|Any CPU.Build.0 = Release|Any CPU
		{BF32FB93-7ED2-4A7D-BCEF-22AFEB346F3F}.Debug|Any CPU.Deploy.0 = Debug|Any CPU
		{F4D7B599-69FC-439D-A9FC-491997943C84}.Debug|Any CPU.ActiveCfg = Debug|Any CPU
		{F4D7B599-69FC-439D-A9FC-491997943C84}.Debug|Any CPU.Build.0 = Debug|Any CPU
		{F4D7B599-69FC-439D-A9FC-491997943C84}.Release|Any CPU.ActiveCfg = Release|Any CPU
		{F4D7B599-69FC-439D-A9FC-491997943C84}.Release|Any CPU.Build.0 = Release|Any CPU
		{E48FDC88-6998-4685-A651-D45BBEF33F88}.Debug|Any CPU.ActiveCfg = Debug|Any CPU
		{E48FDC88-6998-4685-A651-D45BBEF33F88}.Debug|Any CPU.Build.0 = Debug|Any CPU
		{E48FDC88-6998-4685-A651-D45BBEF33F88}.Release|Any CPU.ActiveCfg = Release|Any CPU
		{E48FDC88-6998-4685-A651-D45BBEF33F88}.Release|Any CPU.Build.0 = Release|Any CPU
		{FEAA57FA-5469-420C-8707-8790168EECFC}.Debug|Any CPU.ActiveCfg = Debug|Any CPU
		{FEAA57FA-5469-420C-8707-8790168EECFC}.Debug|Any CPU.Build.0 = Debug|Any CPU
		{FEAA57FA-5469-420C-8707-8790168EECFC}.Release|Any CPU.ActiveCfg = Release|Any CPU
		{FEAA57FA-5469-420C-8707-8790168EECFC}.Release|Any CPU.Build.0 = Release|Any CPU
		{5A5A4945-7BA3-4A2A-9320-2698405C250A}.Debug|Any CPU.ActiveCfg = Debug|Any CPU
		{5A5A4945-7BA3-4A2A-9320-2698405C250A}.Debug|Any CPU.Build.0 = Debug|Any CPU
		{5A5A4945-7BA3-4A2A-9320-2698405C250A}.Release|Any CPU.ActiveCfg = Release|Any CPU
		{5A5A4945-7BA3-4A2A-9320-2698405C250A}.Release|Any CPU.Build.0 = Release|Any CPU
	EndGlobalSection
EndGlobal
